PODS:
  - agora_chat_sdk (0.0.1):
    - Flutter
    - HyphenateChat (= 3.9.9)
  - agora_rtc_engine (6.1.0):
    - AgoraIrisRTC_iOS (= 4.1.0-rc.2)
    - AgoraRtcEngine_iOS (= 4.1.0)
    - Flutter
  - AgoraIrisEventFlutter_iOS (2.0.0)
  - AgoraIrisRTC_iOS (4.1.0-rc.2)
  - AgoraRtcEngine_iOS (4.1.0):
    - AgoraRtcEngine_iOS/AIAEC (= 4.1.0)
    - AgoraRtcEngine_iOS/AINS (= 4.1.0)
    - AgoraRtcEngine_iOS/AudioBeauty (= 4.1.0)
    - AgoraRtcEngine_iOS/ClearVision (= 4.1.0)
    - AgoraRtcEngine_iOS/ContentInspect (= 4.1.0)
    - AgoraRtcEngine_iOS/DRM (= 4.1.0)
    - AgoraRtcEngine_iOS/ReplayKit (= 4.1.0)
    - AgoraRtcEngine_iOS/RtcBasic (= 4.1.0)
    - AgoraRtcEngine_iOS/SpatialAudio (= 4.1.0)
    - AgoraRtcEngine_iOS/SuperResolution (= 4.1.0)
    - AgoraRtcEngine_iOS/VirtualBackground (= 4.1.0)
    - AgoraRtcEngine_iOS/VQA (= 4.1.0)
  - AgoraRtcEngine_iOS/AIAEC (4.1.0)
  - AgoraRtcEngine_iOS/AINS (4.1.0)
  - AgoraRtcEngine_iOS/AudioBeauty (4.1.0)
  - AgoraRtcEngine_iOS/ClearVision (4.1.0)
  - AgoraRtcEngine_iOS/ContentInspect (4.1.0)
  - AgoraRtcEngine_iOS/DRM (4.1.0)
  - AgoraRtcEngine_iOS/ReplayKit (4.1.0)
  - AgoraRtcEngine_iOS/RtcBasic (4.1.0)
  - AgoraRtcEngine_iOS/SpatialAudio (4.1.0)
  - AgoraRtcEngine_iOS/SuperResolution (4.1.0)
  - AgoraRtcEngine_iOS/VirtualBackground (4.1.0)
  - AgoraRtcEngine_iOS/VQA (4.1.0)
  - DKImagePickerController/Core (4.3.4):
    - DKImagePickerController/ImageDataManager
    - DKImagePickerController/Resource
  - DKImagePickerController/ImageDataManager (4.3.4)
  - DKImagePickerController/PhotoGallery (4.3.4):
    - DKImagePickerController/Core
    - DKPhotoGallery
  - DKImagePickerController/Resource (4.3.4)
  - DKPhotoGallery (0.0.17):
    - DKPhotoGallery/Core (= 0.0.17)
    - DKPhotoGallery/Model (= 0.0.17)
    - DKPhotoGallery/Preview (= 0.0.17)
    - DKPhotoGallery/Resource (= 0.0.17)
    - SDWebImage
    - SwiftyGif
  - DKPhotoGallery/Core (0.0.17):
    - DKPhotoGallery/Model
    - DKPhotoGallery/Preview
    - SDWebImage
    - SwiftyGif
  - DKPhotoGallery/Model (0.0.17):
    - SDWebImage
    - SwiftyGif
  - DKPhotoGallery/Preview (0.0.17):
    - DKPhotoGallery/Model
    - DKPhotoGallery/Resource
    - SDWebImage
    - SwiftyGif
  - DKPhotoGallery/Resource (0.0.17):
    - SDWebImage
    - SwiftyGif
  - file_picker (0.0.1):
    - DKImagePickerController/PhotoGallery
    - Flutter
  - Firebase/Analytics (10.6.0):
    - Firebase/Core
  - Firebase/Core (10.6.0):
    - Firebase/CoreOnly
    - FirebaseAnalytics (~> 10.6.0)
  - Firebase/CoreOnly (10.6.0):
    - FirebaseCore (= 10.6.0)
  - Firebase/DynamicLinks (10.6.0):
    - Firebase/CoreOnly
    - FirebaseDynamicLinks (~> 10.6.0)
  - Firebase/Messaging (10.6.0):
    - Firebase/CoreOnly
    - FirebaseMessaging (~> 10.6.0)
  - firebase_analytics (10.1.4):
    - Firebase/Analytics (= 10.6.0)
    - firebase_core
    - Flutter
  - firebase_core (2.8.0):
    - Firebase/CoreOnly (= 10.6.0)
    - Flutter
  - firebase_dynamic_links (5.0.15):
    - Firebase/DynamicLinks (= 10.6.0)
    - firebase_core
    - Flutter
  - firebase_messaging (14.2.5):
    - Firebase/Messaging (= 10.6.0)
    - firebase_core
    - Flutter
  - FirebaseAnalytics (10.6.0):
    - FirebaseAnalytics/AdIdSupport (= 10.6.0)
    - FirebaseCore (~> 10.0)
    - FirebaseInstallations (~> 10.0)
    - GoogleUtilities/AppDelegateSwizzler (~> 7.8)
    - GoogleUtilities/MethodSwizzler (~> 7.8)
    - GoogleUtilities/Network (~> 7.8)
    - "GoogleUtilities/NSData+zlib (~> 7.8)"
    - nanopb (< 2.30910.0, >= 2.30908.0)
  - FirebaseAnalytics/AdIdSupport (10.6.0):
    - FirebaseCore (~> 10.0)
    - FirebaseInstallations (~> 10.0)
    - GoogleAppMeasurement (= 10.6.0)
    - GoogleUtilities/AppDelegateSwizzler (~> 7.8)
    - GoogleUtilities/MethodSwizzler (~> 7.8)
    - GoogleUtilities/Network (~> 7.8)
    - "GoogleUtilities/NSData+zlib (~> 7.8)"
    - nanopb (< 2.30910.0, >= 2.30908.0)
  - FirebaseCore (10.6.0):
    - FirebaseCoreInternal (~> 10.0)
    - GoogleUtilities/Environment (~> 7.8)
    - GoogleUtilities/Logger (~> 7.8)
  - FirebaseCoreInternal (10.8.0):
    - "GoogleUtilities/NSData+zlib (~> 7.8)"
  - FirebaseDynamicLinks (10.6.0):
    - FirebaseCore (~> 10.0)
  - FirebaseInstallations (10.8.0):
    - FirebaseCore (~> 10.0)
    - GoogleUtilities/Environment (~> 7.8)
    - GoogleUtilities/UserDefaults (~> 7.8)
    - PromisesObjC (~> 2.1)
  - FirebaseMessaging (10.6.0):
    - FirebaseCore (~> 10.0)
    - FirebaseInstallations (~> 10.0)
    - GoogleDataTransport (~> 9.2)
    - GoogleUtilities/AppDelegateSwizzler (~> 7.8)
    - GoogleUtilities/Environment (~> 7.8)
    - GoogleUtilities/Reachability (~> 7.8)
    - GoogleUtilities/UserDefaults (~> 7.8)
    - nanopb (< 2.30910.0, >= 2.30908.0)
  - Flutter (1.0.0)
  - flutter_inappwebview (0.0.1):
    - Flutter
    - flutter_inappwebview/Core (= 0.0.1)
    - OrderedSet (~> 5.0)
  - flutter_inappwebview/Core (0.0.1):
    - Flutter
    - OrderedSet (~> 5.0)
  - flutter_local_notifications (0.0.1):
    - Flutter
  - flutter_paytabs_bridge (2.3.2):
    - Flutter
    - PayTabsSDK (= 6.4.0)
  - fluttertoast (0.0.2):
    - Flutter
    - Toast
  - FMDB (2.7.5):
    - FMDB/standard (= 2.7.5)
  - FMDB/standard (2.7.5)
  - geocoding (1.0.5):
    - Flutter
  - geolocator_apple (1.2.0):
    - Flutter
  - google_maps_flutter_ios (0.0.1):
    - Flutter
    - GoogleMaps
  - GoogleAppMeasurement (10.6.0):
    - GoogleAppMeasurement/AdIdSupport (= 10.6.0)
    - GoogleUtilities/AppDelegateSwizzler (~> 7.8)
    - GoogleUtilities/MethodSwizzler (~> 7.8)
    - GoogleUtilities/Network (~> 7.8)
    - "GoogleUtilities/NSData+zlib (~> 7.8)"
    - nanopb (< 2.30910.0, >= 2.30908.0)
  - GoogleAppMeasurement/AdIdSupport (10.6.0):
    - GoogleAppMeasurement/WithoutAdIdSupport (= 10.6.0)
    - GoogleUtilities/AppDelegateSwizzler (~> 7.8)
    - GoogleUtilities/MethodSwizzler (~> 7.8)
    - GoogleUtilities/Network (~> 7.8)
    - "GoogleUtilities/NSData+zlib (~> 7.8)"
    - nanopb (< 2.30910.0, >= 2.30908.0)
  - GoogleAppMeasurement/WithoutAdIdSupport (10.6.0):
    - GoogleUtilities/AppDelegateSwizzler (~> 7.8)
    - GoogleUtilities/MethodSwizzler (~> 7.8)
    - GoogleUtilities/Network (~> 7.8)
    - "GoogleUtilities/NSData+zlib (~> 7.8)"
    - nanopb (< 2.30910.0, >= 2.30908.0)
  - GoogleDataTransport (9.2.2):
    - GoogleUtilities/Environment (~> 7.7)
    - nanopb (< 2.30910.0, >= 2.30908.0)
    - PromisesObjC (< 3.0, >= 1.2)
  - GoogleMaps (5.2.0):
    - GoogleMaps/Maps (= 5.2.0)
  - GoogleMaps/Base (5.2.0)
  - GoogleMaps/Maps (5.2.0):
    - GoogleMaps/Base
  - GoogleUtilities/AppDelegateSwizzler (7.11.1):
    - GoogleUtilities/Environment
    - GoogleUtilities/Logger
    - GoogleUtilities/Network
  - GoogleUtilities/Environment (7.11.1):
    - PromisesObjC (< 3.0, >= 1.2)
  - GoogleUtilities/Logger (7.11.1):
    - GoogleUtilities/Environment
  - GoogleUtilities/MethodSwizzler (7.11.1):
    - GoogleUtilities/Logger
  - GoogleUtilities/Network (7.11.1):
    - GoogleUtilities/Logger
    - "GoogleUtilities/NSData+zlib"
    - GoogleUtilities/Reachability
  - "GoogleUtilities/NSData+zlib (7.11.1)"
  - GoogleUtilities/Reachability (7.11.1):
    - GoogleUtilities/Logger
  - GoogleUtilities/UserDefaults (7.11.1):
    - GoogleUtilities/Logger
  - HyphenateChat (3.9.9)
  - image_picker_ios (0.0.1):
    - Flutter
  - iris_event (0.0.1):
    - AgoraIrisEventFlutter_iOS (= 2.0.0)
    - Flutter
  - libphonenumber_plugin (0.0.1):
    - Flutter
    - PhoneNumberKit
  - map_launcher (0.0.1):
    - Flutter
  - nanopb (2.30909.0):
    - nanopb/decode (= 2.30909.0)
    - nanopb/encode (= 2.30909.0)
  - nanopb/decode (2.30909.0)
  - nanopb/encode (2.30909.0)
  - OrderedSet (5.0.0)
  - package_info_plus (0.4.5):
    - Flutter
  - path_provider_foundation (0.0.1):
    - Flutter
    - FlutterMacOS
  - PayTabsSDK (6.4.0)
  - permission_handler_apple (9.0.4):
    - Flutter
  - PhoneNumberKit (3.3.4):
    - PhoneNumberKit/PhoneNumberKitCore (= 3.3.4)
    - PhoneNumberKit/UIKit (= 3.3.4)
  - PhoneNumberKit/PhoneNumberKitCore (3.3.4)
  - PhoneNumberKit/UIKit (3.3.4):
    - PhoneNumberKit/PhoneNumberKitCore
  - PromisesObjC (2.2.0)
  - razorpay-pod (1.3.1)
  - razorpay_flutter (1.1.10):
    - Flutter
    - razorpay-pod
  - SDWebImage (5.15.4):
    - SDWebImage/Core (= 5.15.4)
  - SDWebImage/Core (5.15.4)
  - shared_preferences_ios (0.0.1):
    - Flutter
  - sqflite (0.0.2):
    - Flutter
    - FMDB (>= 2.7.5)
  - SwiftyGif (5.4.4)
  - syncfusion_flutter_pdfviewer (0.0.1):
    - Flutter
  - Toast (4.0.0)
  - url_launcher_ios (0.0.1):
    - Flutter
  - webview_flutter_wkwebview (0.0.1):
    - Flutter

DEPENDENCIES:
  - agora_chat_sdk (from `.symlinks/plugins/agora_chat_sdk/ios`)
  - agora_rtc_engine (from `.symlinks/plugins/agora_rtc_engine/ios`)
  - file_picker (from `.symlinks/plugins/file_picker/ios`)
  - firebase_analytics (from `.symlinks/plugins/firebase_analytics/ios`)
  - firebase_core (from `.symlinks/plugins/firebase_core/ios`)
  - firebase_dynamic_links (from `.symlinks/plugins/firebase_dynamic_links/ios`)
  - firebase_messaging (from `.symlinks/plugins/firebase_messaging/ios`)
  - Flutter (from `Flutter`)
  - flutter_inappwebview (from `.symlinks/plugins/flutter_inappwebview/ios`)
  - flutter_local_notifications (from `.symlinks/plugins/flutter_local_notifications/ios`)
  - flutter_paytabs_bridge (from `.symlinks/plugins/flutter_paytabs_bridge/ios`)
  - fluttertoast (from `.symlinks/plugins/fluttertoast/ios`)
  - geocoding (from `.symlinks/plugins/geocoding/ios`)
  - geolocator_apple (from `.symlinks/plugins/geolocator_apple/ios`)
  - google_maps_flutter_ios (from `.symlinks/plugins/google_maps_flutter_ios/ios`)
  - image_picker_ios (from `.symlinks/plugins/image_picker_ios/ios`)
  - iris_event (from `.symlinks/plugins/iris_event/ios`)
  - libphonenumber_plugin (from `.symlinks/plugins/libphonenumber_plugin/ios`)
  - map_launcher (from `.symlinks/plugins/map_launcher/ios`)
  - package_info_plus (from `.symlinks/plugins/package_info_plus/ios`)
  - path_provider_foundation (from `.symlinks/plugins/path_provider_foundation/ios`)
  - permission_handler_apple (from `.symlinks/plugins/permission_handler_apple/ios`)
  - razorpay_flutter (from `.symlinks/plugins/razorpay_flutter/ios`)
  - shared_preferences_ios (from `.symlinks/plugins/shared_preferences_ios/ios`)
  - sqflite (from `.symlinks/plugins/sqflite/ios`)
  - syncfusion_flutter_pdfviewer (from `.symlinks/plugins/syncfusion_flutter_pdfviewer/ios`)
  - url_launcher_ios (from `.symlinks/plugins/url_launcher_ios/ios`)
  - webview_flutter_wkwebview (from `.symlinks/plugins/webview_flutter_wkwebview/ios`)

SPEC REPOS:
  trunk:
    - AgoraIrisEventFlutter_iOS
    - AgoraIrisRTC_iOS
    - AgoraRtcEngine_iOS
    - DKImagePickerController
    - DKPhotoGallery
    - Firebase
    - FirebaseAnalytics
    - FirebaseCore
    - FirebaseCoreInternal
    - FirebaseDynamicLinks
    - FirebaseInstallations
    - FirebaseMessaging
    - FMDB
    - GoogleAppMeasurement
    - GoogleDataTransport
    - GoogleMaps
    - GoogleUtilities
    - HyphenateChat
    - nanopb
    - OrderedSet
    - PayTabsSDK
    - PhoneNumberKit
    - PromisesObjC
    - razorpay-pod
    - SDWebImage
    - SwiftyGif
    - Toast

EXTERNAL SOURCES:
  agora_chat_sdk:
    :path: ".symlinks/plugins/agora_chat_sdk/ios"
  agora_rtc_engine:
    :path: ".symlinks/plugins/agora_rtc_engine/ios"
  file_picker:
    :path: ".symlinks/plugins/file_picker/ios"
  firebase_analytics:
    :path: ".symlinks/plugins/firebase_analytics/ios"
  firebase_core:
    :path: ".symlinks/plugins/firebase_core/ios"
  firebase_dynamic_links:
    :path: ".symlinks/plugins/firebase_dynamic_links/ios"
  firebase_messaging:
    :path: ".symlinks/plugins/firebase_messaging/ios"
  Flutter:
    :path: Flutter
  flutter_inappwebview:
    :path: ".symlinks/plugins/flutter_inappwebview/ios"
  flutter_local_notifications:
    :path: ".symlinks/plugins/flutter_local_notifications/ios"
  flutter_paytabs_bridge:
    :path: ".symlinks/plugins/flutter_paytabs_bridge/ios"
  fluttertoast:
    :path: ".symlinks/plugins/fluttertoast/ios"
  geocoding:
    :path: ".symlinks/plugins/geocoding/ios"
  geolocator_apple:
    :path: ".symlinks/plugins/geolocator_apple/ios"
  google_maps_flutter_ios:
    :path: ".symlinks/plugins/google_maps_flutter_ios/ios"
  image_picker_ios:
    :path: ".symlinks/plugins/image_picker_ios/ios"
  iris_event:
    :path: ".symlinks/plugins/iris_event/ios"
  libphonenumber_plugin:
    :path: ".symlinks/plugins/libphonenumber_plugin/ios"
  map_launcher:
    :path: ".symlinks/plugins/map_launcher/ios"
  package_info_plus:
    :path: ".symlinks/plugins/package_info_plus/ios"
  path_provider_foundation:
    :path: ".symlinks/plugins/path_provider_foundation/ios"
  permission_handler_apple:
    :path: ".symlinks/plugins/permission_handler_apple/ios"
  razorpay_flutter:
    :path: ".symlinks/plugins/razorpay_flutter/ios"
  shared_preferences_ios:
    :path: ".symlinks/plugins/shared_preferences_ios/ios"
  sqflite:
    :path: ".symlinks/plugins/sqflite/ios"
  syncfusion_flutter_pdfviewer:
    :path: ".symlinks/plugins/syncfusion_flutter_pdfviewer/ios"
  url_launcher_ios:
    :path: ".symlinks/plugins/url_launcher_ios/ios"
  webview_flutter_wkwebview:
    :path: ".symlinks/plugins/webview_flutter_wkwebview/ios"

SPEC CHECKSUMS:
  agora_chat_sdk: f9772c5f21df937ab08f7b316e9474f4fbdfcc26
  agora_rtc_engine: a84afbebf11801043623d3b5f994bb69d4159948
  AgoraIrisEventFlutter_iOS: d7ee4acb57d9042dbe9d64229bfe9bf8e32b6f2f
  AgoraIrisRTC_iOS: 820fbab2d78d870a1bad4b1a02f950a390c73b48
  AgoraRtcEngine_iOS: 33f0136ad4196b2a31c8470e6b536fe77fb25f8b
  DKImagePickerController: b512c28220a2b8ac7419f21c491fc8534b7601ac
  DKPhotoGallery: fdfad5125a9fdda9cc57df834d49df790dbb4179
  file_picker: ce3938a0df3cc1ef404671531facef740d03f920
  Firebase: f13680471b021937f2230ea8503c7809d8c29806
  firebase_analytics: fef091551247476f0f0689ef5669a8aeb7fe55b2
  firebase_core: 58542d7399889ebdbb034baa72d081e54c5c814d
  firebase_dynamic_links: 58cb15baf69f74bb2b170a969d4e59ee1668c6e6
  firebase_messaging: aace0061e3019eeeb18639af2b4d3bde3a3d4162
  FirebaseAnalytics: 9f382605c5ee412b039212f054bf7a403d9850c1
  FirebaseCore: fa80ad16a62d52f67274b5b88304c3a318bbf9a4
  FirebaseCoreInternal: fa2899eb1f340054858d289e5a0fb935a0a74e52
  FirebaseDynamicLinks: 99c501143953e925681a37aade96bb2db34b30ca
  FirebaseInstallations: b2a05a3fe707df764345d68685534d07d0664af3
  FirebaseMessaging: fd93783258c53ae5cdb9b41bf0c51606a677f2d5
  Flutter: f04841e97a9d0b0a8025694d0796dd46242b2854
  flutter_inappwebview: bfd58618f49dc62f2676de690fc6dcda1d6c3721
  flutter_local_notifications: 0c0b1ae97e741e1521e4c1629a459d04b9aec743
  flutter_paytabs_bridge: 6a5a2afdecd5a7eb61c6e3a74c5a8b1782a3e32f
  fluttertoast: eb263d302cc92e04176c053d2385237e9f43fad0
  FMDB: 2ce00b547f966261cd18927a3ddb07cb6f3db82a
  geocoding: 32cfcdb16d38d907caaba65e2e42ad10d38bee58
  geolocator_apple: cc556e6844d508c95df1e87e3ea6fa4e58c50401
  google_maps_flutter_ios: 66201f392bf62d500f07670a30488a247b9bb5b9
  GoogleAppMeasurement: 686b48c3c895f3c55c70719041913d5d150b74f6
  GoogleDataTransport: 8378d1fa8ac49753ea6ce70d65a7cb70ce5f66e6
  GoogleMaps: 025272d5876d3b32604e5c080dc25eaf68764693
  GoogleUtilities: 9aa0ad5a7bc171f8bae016300bfcfa3fb8425749
  HyphenateChat: 2237c9ece3f1bb54645dea0a9918f08e03e1516d
  image_picker_ios: b786a5dcf033a8336a657191401bfdf12017dabb
  iris_event: fdcf9bbb53095fd9609ea19941df551d0398a789
  libphonenumber_plugin: e8a7d64a6624a7c25f2c4ab0b7ead2a8e341e35e
  map_launcher: e325db1261d029ff33e08e03baccffe09593ffea
  nanopb: b552cce312b6c8484180ef47159bc0f65a1f0431
  OrderedSet: aaeb196f7fef5a9edf55d89760da9176ad40b93c
  package_info_plus: 6c92f08e1f853dc01228d6f553146438dafcd14e
  path_provider_foundation: 37748e03f12783f9de2cb2c4eadfaa25fe6d4852
  PayTabsSDK: 825c609aed2b03bef8e7e586bdd880bd54a56d41
  permission_handler_apple: 44366e37eaf29454a1e7b1b7d736c2cceaeb17ce
  PhoneNumberKit: 441e8b26ec88d598e3591de9061eff18f5dd12e8
  PromisesObjC: 09985d6d70fbe7878040aa746d78236e6946d2ef
  razorpay-pod: 1ca021af16022084c1b368be9f030a4931f1e5f8
  razorpay_flutter: 84b3bfd206ae9c9c2a9ba585524a1b3d8102b6c1
  SDWebImage: 1c39de67663e5eebb2f41324d5d580eeea12dd4c
  shared_preferences_ios: 548a61f8053b9b8a49ac19c1ffbc8b92c50d68ad
  sqflite: 6d358c025f5b867b29ed92fc697fd34924e11904
  SwiftyGif: 93a1cc87bf3a51916001cf8f3d63835fb64c819f
  syncfusion_flutter_pdfviewer: bb9998884b864cfedf72628df3503bdf57e397c0
  Toast: 91b396c56ee72a5790816f40d3a94dd357abc196
  url_launcher_ios: 839c58cdb4279282219f5e248c3321761ff3c4de
  webview_flutter_wkwebview: b7e70ef1ddded7e69c796c7390ee74180182971f

PODFILE CHECKSUM: 6d015086ade529abd2315a9915fd1629f22671ec

COCOAPODS: 1.11.3
